<?xml version="1.0" encoding="UTF-8"?>
<CONFIG>
  <ProjectOptions>
    <Version Value="11"/>
    <PathDelim Value="\"/>
    <General>
      <SessionStorage Value="InProjectDir"/>
      <MainUnit Value="0"/>
      <Title Value="Raudus Application"/>
      <UseAppBundle Value="False"/>
      <ResourceType Value="res"/>
    </General>
    <BuildModes Count="1">
      <Item1 Name="Default" Default="True"/>
    </BuildModes>
    <PublishOptions>
      <Version Value="2"/>
      <UseFileFilters Value="True"/>
    </PublishOptions>
    <RunParams>
      <FormatVersion Value="2"/>
      <Modes Count="0"/>
    </RunParams>
    <RequiredPackages Count="6">
      <Item1>
        <PackageName Value="lazreportpdfexport"/>
      </Item1>
      <Item2>
        <PackageName Value="lr_pdfexport"/>
      </Item2>
      <Item3>
        <PackageName Value="RaudusX"/>
      </Item3>
      <Item4>
        <PackageName Value="RaudusFPC"/>
      </Item4>
      <Item5>
        <PackageName Value="LCL"/>
      </Item5>
      <Item6>
        <PackageName Value="FCL"/>
      </Item6>
    </RequiredPackages>
    <Units Count="18">
      <Unit0>
        <Filename Value="RxAdmin.pas"/>
        <IsPartOfProject Value="True"/>
      </Unit0>
      <Unit1>
        <Filename Value="src\core\untlogin.pas"/>
        <IsPartOfProject Value="True"/>
        <ComponentName Value="frmLogin"/>
        <HasResources Value="True"/>
        <ResourceBaseClass Value="Form"/>
        <UnitName Value="untLogin"/>
      </Unit1>
      <Unit2>
        <Filename Value="src\core\uformdefault.pas"/>
        <IsPartOfProject Value="True"/>
        <ComponentName Value="FormDefault"/>
        <HasResources Value="True"/>
        <ResourceBaseClass Value="Form"/>
        <UnitName Value="uFormDefault"/>
      </Unit2>
      <Unit3>
        <Filename Value="src\core\untframedefault.pas"/>
        <IsPartOfProject Value="True"/>
        <ComponentName Value="FrameDefault"/>
        <HasResources Value="True"/>
        <ResourceBaseClass Value="Frame"/>
        <UnitName Value="untFrameDefault"/>
      </Unit3>
      <Unit4>
        <Filename Value="src\entity\objmeulayout.pas"/>
        <IsPartOfProject Value="True"/>
        <UnitName Value="objMeuLayout"/>
      </Unit4>
      <Unit5>
        <Filename Value="src\core\objdynamicform.pas"/>
        <IsPartOfProject Value="True"/>
        <UnitName Value="objDynamicForm"/>
      </Unit5>
      <Unit6>
        <Filename Value="src\entity\objusuario.pas"/>
        <IsPartOfProject Value="True"/>
        <UnitName Value="objUsuario"/>
      </Unit6>
      <Unit7>
        <Filename Value="src\core\utils.pas"/>
        <IsPartOfProject Value="True"/>
        <UnitName Value="Utils"/>
      </Unit7>
      <Unit8>
        <Filename Value="src\core\libbusca.pas"/>
        <IsPartOfProject Value="True"/>
        <UnitName Value="libBusca"/>
      </Unit8>
      <Unit9>
        <Filename Value="src\core\untpesquisa.pas"/>
        <IsPartOfProject Value="True"/>
        <ComponentName Value="frmPesquisa"/>
        <HasResources Value="True"/>
        <ResourceBaseClass Value="Form"/>
        <UnitName Value="untPesquisa"/>
      </Unit9>
      <Unit10>
        <Filename Value="src\core\objmenu.pas"/>
        <IsPartOfProject Value="True"/>
        <UnitName Value="objMenu"/>
      </Unit10>
      <Unit11>
        <Filename Value="src\core\untmeulayout.pas"/>
        <IsPartOfProject Value="True"/>
        <ComponentName Value="frmMeuLayout"/>
        <HasResources Value="True"/>
        <ResourceBaseClass Value="Frame"/>
        <UnitName Value="untMeuLayout"/>
      </Unit11>
      <Unit12>
        <Filename Value="src\core\untprincipal.pas"/>
        <IsPartOfProject Value="True"/>
        <ComponentName Value="frmPrincipal"/>
        <HasResources Value="True"/>
        <ResourceBaseClass Value="Form"/>
      </Unit12>
      <Unit13>
        <Filename Value="src\cadastro\untusuario.pas"/>
        <IsPartOfProject Value="True"/>
        <ComponentName Value="frmUsuario1"/>
        <HasResources Value="True"/>
        <ResourceBaseClass Value="Frame"/>
      </Unit13>
      <Unit14>
        <Filename Value="src\relatorio\untpreview.pas"/>
        <IsPartOfProject Value="True"/>
        <ComponentName Value="frmPreview"/>
        <HasResources Value="True"/>
        <ResourceBaseClass Value="Form"/>
        <UnitName Value="untPreview"/>
      </Unit14>
      <Unit15>
        <Filename Value="src\relatorio\untrelatorio.pas"/>
        <IsPartOfProject Value="True"/>
        <ComponentName Value="frmRelatorio"/>
        <HasResources Value="True"/>
        <ResourceBaseClass Value="Frame"/>
        <UnitName Value="untRelatorio"/>
      </Unit15>
      <Unit16>
        <Filename Value="src\entity\objgeradorrelatorio.pas"/>
        <IsPartOfProject Value="True"/>
        <UnitName Value="objGeradorRelatorio"/>
      </Unit16>
      <Unit17>
        <Filename Value="src\core\libgeradorrelatorio.pas"/>
        <IsPartOfProject Value="True"/>
        <UnitName Value="libGeradorRelatorio"/>
      </Unit17>
    </Units>
  </ProjectOptions>
  <CompilerOptions>
    <Version Value="11"/>
    <PathDelim Value="\"/>
    <Target>
      <Filename Value="C:\Desenvolvimento\Projetos\RxAdmin\trunk\bin\RxAdmin.exe"/>
    </Target>
    <SearchPaths>
      <IncludeFiles Value="$(ProjOutDir);pkg\dopf-master\core"/>
      <OtherUnitFiles Value="pkg\dopf-master\brokers;pkg\dopf-master\core;core;src\entity;src\core;src\cadastro;src\relatorio"/>
      <UnitOutputDirectory Value="lib\$(TargetCPU)-$(TargetOS)"/>
      <SrcPath Value="C:\Raudus\bin\lazide\"/>
    </SearchPaths>
  </CompilerOptions>
  <Debugging>
    <Exceptions Count="3">
      <Item1>
        <Name Value="EAbort"/>
      </Item1>
      <Item2>
        <Name Value="ECodetoolError"/>
      </Item2>
      <Item3>
        <Name Value="EFOpenError"/>
      </Item3>
    </Exceptions>
  </Debugging>
</CONFIG>
